
Microsoft Visual Studio Solution File, Format Version 12.00
Project("{FAE04EC0-301F-11D3-BF4B-00C04F79EFBC}") = "GuessingGame", "GuessingGame.csproj", "{BBFCF95D-6496-448F-8F55-6A1E8C7AF658}"
EndProject
Global
	GlobalSection(SolutionConfigurationPlatforms) = preSolution
		Debug|Any CPU = Debug|Any CPU
		Release|Any CPU = Release|Any CPU
	EndGlobalSection
	GlobalSection(ProjectConfigurationPlatforms) = postSolution
		{BBFCF95D-6496-448F-8F55-6A1E8C7AF658}.Debug|Any CPU.ActiveCfg = Debug|Any CPU
		{BBFCF95D-6496-448F-8F55-6A1E8C7AF658}.Debug|Any CPU.Build.0 = Debug|Any CPU
		{BBFCF95D-6496-448F-8F55-6A1E8C7AF658}.Release|Any CPU.ActiveCfg = Release|Any CPU
		{BBFCF95D-6496-448F-8F55-6A1E8C7AF658}.Release|Any CPU.Build.0 = Release|Any CPU
	EndGlobalSection
EndGlobal
